{
  "requires": true,
  "lockfileVersion": 1,
  "dependencies": {
    "babel-plugin-syntax-dynamic-import": {
      "version": "6.18.0",
      "resolved": "https://registry.npm.taobao.org/babel-plugin-syntax-dynamic-import/download/babel-plugin-syntax-dynamic-import-6.18.0.tgz",
      "integrity": "sha1-jWomIpyDdFqZgqRBBRVyyqF5sdo=",
      "dev": true
    },
    "vue-router": {
      "version": "3.0.1",
      "resolved": "https://registry.npmmirror.com/vue-router/download/vue-router-3.0.1.tgz",
      "integrity": "sha512-vLLoY452L+JBpALMP5UHum9+7nzR9PeIBCghU9ZtJ1eWm6ieUI8Zb/DI3MYxH32bxkjzYV1LRjNv4qr8d+uX/w=="
    }
  }
}
